
Microsoft Visual Studio Solution File, Format Version 12.00
# Visual Studio Version 17
VisualStudioVersion = 17.14.36414.22 d17.14
MinimumVisualStudioVersion = 10.0.40219.1
Project("{FAE04EC0-301F-11D3-BF4B-00C04F79EFBC}") = "Monkey_Banana_Gamas", "Monkey_Banana_Gamas\Monkey_Banana_Gamas.csproj", "{203F085C-F041-4C0C-A6A3-C9D40218AF5A}"
EndProject
Global
	GlobalSection(SolutionConfigurationPlatforms) = preSolution
		Debug|Any CPU = Debug|Any CPU
		Release|Any CPU = Release|Any CPU
	EndGlobalSection
	GlobalSection(ProjectConfigurationPlatforms) = postSolution
		{203F085C-F041-4C0C-A6A3-C9D40218AF5A}.Debug|Any CPU.ActiveCfg = Debug|Any CPU
		{203F085C-F041-4C0C-A6A3-C9D40218AF5A}.Debug|Any CPU.Build.0 = Debug|Any CPU
		{203F085C-F041-4C0C-A6A3-C9D40218AF5A}.Release|Any CPU.ActiveCfg = Release|Any CPU
		{203F085C-F041-4C0C-A6A3-C9D40218AF5A}.Release|Any CPU.Build.0 = Release|Any CPU
	EndGlobalSection
	GlobalSection(SolutionProperties) = preSolution
		HideSolutionNode = FALSE
	EndGlobalSection
	GlobalSection(ExtensibilityGlobals) = postSolution
		SolutionGuid = {A26E20EE-0538-473A-8A04-51C3FF6F6DAE}
	EndGlobalSection
EndGlobal
